
Microsoft Visual Studio Solution File, Format Version 12.00
# Visual Studio Version 17
VisualStudioVersion = 17.1.32319.34
MinimumVisualStudioVersion = 10.0.40219.1
Project("{FAE04EC0-301F-11D3-BF4B-00C04F79EFBC}") = "ChatSignalR", "ChatSignalR.csproj", "{5530CFD7-2ABA-4E9E-8429-C6961F9D2471}"
EndProject
Global
	GlobalSection(SolutionConfigurationPlatforms) = preSolution
		Debug|Any CPU = Debug|Any CPU
		Release|Any CPU = Release|Any CPU
	EndGlobalSection
	GlobalSection(ProjectConfigurationPlatforms) = postSolution
		{5530CFD7-2ABA-4E9E-8429-C6961F9D2471}.Debug|Any CPU.ActiveCfg = Debug|Any CPU
		{5530CFD7-2ABA-4E9E-8429-C6961F9D2471}.Debug|Any CPU.Build.0 = Debug|Any CPU
		{5530CFD7-2ABA-4E9E-8429-C6961F9D2471}.Release|Any CPU.ActiveCfg = Release|Any CPU
		{5530CFD7-2ABA-4E9E-8429-C6961F9D2471}.Release|Any CPU.Build.0 = Release|Any CPU
	EndGlobalSection
	GlobalSection(SolutionProperties) = preSolution
		HideSolutionNode = FALSE
	EndGlobalSection
	GlobalSection(ExtensibilityGlobals) = postSolution
		SolutionGuid = {B6AD6F00-51A7-4134-B0FF-65B39443C66C}
	EndGlobalSection
EndGlobal
